// !$*UTF8*$!
{
	archiveVersion = 1;
	classes = {
	};
	objectVersion = 77;
	objects = {

/* Begin PBXContainerItemProxy section */
		19B87CB12EA1ABB6004358BB /* PBXContainerItemProxy */ = {
			isa = PBXContainerItemProxy;
			containerPortal = 19B87C982EA1ABB4004358BB /* Project object */;
			proxyType = 1;
			remoteGlobalIDString = 19B87C9F2EA1ABB4004358BB;
			remoteInfo = Midterm_MohammadRezaZarei;
		};
		19B87CBB2EA1ABB6004358BB /* PBXContainerItemProxy */ = {
			isa = PBXContainerItemProxy;
			containerPortal = 19B87C982EA1ABB4004358BB /* Project object */;
			proxyType = 1;
			remoteGlobalIDString = 19B87C9F2EA1ABB4004358BB;
			remoteInfo = Midterm_MohammadRezaZarei;
		};
/* End PBXContainerItemProxy section */

/* Begin PBXFileReference section */
		19B247742EA2F6D700F0F5EE /* README.md */ = {isa = PBXFileReference; lastKnownFileType = net.daringfireball.markdown; path = README.md; sourceTree = "<group>"; };
		19B87CA02EA1ABB4004358BB /* Midterm_MohammadRezaZarei.app */ = {isa = PBXFileReference; explicitFileType = wrapper.application; includeInIndex = 0; path = Midterm_MohammadRezaZarei.app; sourceTree = BUILT_PRODUCTS_DIR; };
		19B87CB02EA1ABB6004358BB /* Midterm_MohammadRezaZareiTests.xctest */ = {isa = PBXFileReference; explicitFileType = wrapper.cfbundle; includeInIndex = 0; path = Midterm_MohammadRezaZareiTests.xctest; sourceTree = BUILT_PRODUCTS_DIR; };
		19B87CBA2EA1ABB6004358BB /* Midterm_MohammadRezaZareiUITests.xctest */ = {isa = PBXFileReference; explicitFileType = wrapper.cfbundle; includeInIndex = 0; path = Midterm_MohammadRezaZareiUITests.xctest; sourceTree = BUILT_PRODUCTS_DIR; };
/* End PBXFileReference section */

/* Begin PBXFileSystemSynchronizedBuildFileExceptionSet section */
		19B248112EA3026E00F0F5EE /* Exceptions for "Media" folder in "Midterm_MohammadRezaZarei" target */ = {
			isa = PBXFileSystemSynchronizedBuildFileExceptionSet;
			membershipExceptions = (
				MidtermDemo.mov,
			);
			target = 19B87C9F2EA1ABB4004358BB /* Midterm_MohammadRezaZarei */;
		};
/* End PBXFileSystemSynchronizedBuildFileExceptionSet section */

/* Begin PBXFileSystemSynchronizedRootGroup section */
		19B2480F2EA3024000F0F5EE /* Media */ = {
			isa = PBXFileSystemSynchronizedRootGroup;
			exceptions = (
				19B248112EA3026E00F0F5EE /* Exceptions for "Media" folder in "Midterm_MohammadRezaZarei" target */,
			);
			path = Media;
			sourceTree = "<group>";
		};
		19B87CA22EA1ABB4004358BB /* Midterm_MohammadRezaZarei */ = {
			isa = PBXFileSystemSynchronizedRootGroup;
			path = Midterm_MohammadRezaZarei;
			sourceTree = "<group>";
		};
		19B87CB32EA1ABB6004358BB /* Midterm_MohammadRezaZareiTests */ = {
			isa = PBXFileSystemSynchronizedRootGroup;
			path = Midterm_MohammadRezaZareiTests;
			sourceTree = "<group>";
		};
		19B87CBD2EA1ABB6004358BB /* Midterm_MohammadRezaZareiUITests */ = {
			isa = PBXFileSystemSynchronizedRootGroup;
			path = Midterm_MohammadRezaZareiUITests;
			sourceTree = "<group>";
		};
/* End PBXFileSystemSynchronizedRootGroup section */

/* Begin PBXFrameworksBuildPhase section */
		19B87C9D2EA1ABB4004358BB /* Frameworks */ = {
			isa = PBXFrameworksBuildPhase;
			buildActionMask = 2147483647;
			files = (
			);
			runOnlyForDeploymentPostprocessing = 0;
		};
		19B87CAD2EA1ABB6004358BB /* Frameworks */ = {
			isa = PBXFrameworksBuildPhase;
			buildActionMask = 2147483647;
			files = (
			);
			runOnlyForDeploymentPostprocessing = 0;
		};
		19B87CB72EA1ABB6004358BB /* Frameworks */ = {
			isa = PBXFrameworksBuildPhase;
			buildActionMask = 2147483647;
			files = (
			);
			runOnlyForDeploymentPostprocessing = 0;
		};
/* End PBXFrameworksBuildPhase section */

/* Begin PBXGroup section */
		19B87C972EA1ABB4004358BB = {
			isa = PBXGroup;
			children = (
				19B2480F2EA3024000F0F5EE /* Media */,
				19B87CA22EA1ABB4004358BB /* Midterm_MohammadRezaZarei */,
				19B87CB32EA1ABB6004358BB /* Midterm_MohammadRezaZareiTests */,
				19B87CBD2EA1ABB6004358BB /* Midterm_MohammadRezaZareiUITests */,
				19B87CA12EA1ABB4004358BB /* Products */,
				19B247742EA2F6D700F0F5EE /* README.md */,
			);
			sourceTree = "<group>";
		};
		19B87CA12EA1ABB4004358BB /* Products */ = {
			isa = PBXGroup;
			children = (
				19B87CA02EA1ABB4004358BB /* Midterm_MohammadRezaZarei.app */,
				19B87CB02EA1ABB6004358BB /* Midterm_MohammadRezaZareiTests.xctest */,
				19B87CBA2EA1ABB6004358BB /* Midterm_MohammadRezaZareiUITests.xctest */,
			);
			name = Products;
			sourceTree = "<group>";
		};
/* End PBXGroup section */

/* Begin PBXNativeTarget section */
		19B87C9F2EA1ABB4004358BB /* Midterm_MohammadRezaZarei */ = {
			isa = PBXNativeTarget;
			buildConfigurationList = 19B87CC42EA1ABB6004358BB /* Build configuration list for PBXNativeTarget "Midterm_MohammadRezaZarei" */;
			buildPhases = (
				19B87C9C2EA1ABB4004358BB /* Sources */,
				19B87C9D2EA1ABB4004358BB /* Frameworks */,
				19B87C9E2EA1ABB4004358BB /* Resources */,
			);
			buildRules = (
			);
			dependencies = (
			);
			fileSystemSynchronizedGroups = (
				19B2480F2EA3024000F0F5EE /* Media */,
				19B87CA22EA1ABB4004358BB /* Midterm_MohammadRezaZarei */,
			);
			name = Midterm_MohammadRezaZarei;
			packageProductDependencies = (
			);
			productName = Midterm_MohammadRezaZarei;
			productReference = 19B87CA02EA1ABB4004358BB /* Midterm_MohammadRezaZarei.app */;
			productType = "com.apple.product-type.application";
		};
		19B87CAF2EA1ABB6004358BB /* Midterm_MohammadRezaZareiTests */ = {
			isa = PBXNativeTarget;
			buildConfigurationList = 19B87CC72EA1ABB6004358BB /* Build configuration list for PBXNativeTarget "Midterm_MohammadRezaZareiTests" */;
			buildPhases = (
				19B87CAC2EA1ABB6004358BB /* Sources */,
				19B87CAD2EA1ABB6004358BB /* Frameworks */,
				19B87CAE2EA1ABB6004358BB /* Resources */,
			);
			buildRules = (
			);
			dependencies = (
				19B87CB22EA1ABB6004358BB /* PBXTargetDependency */,
			);
			fileSystemSynchronizedGroups = (
				19B87CB32EA1ABB6004358BB /* Midterm_MohammadRezaZareiTests */,
			);
			name = Midterm_MohammadRezaZareiTests;
			packageProductDependencies = (
			);
			productName = Midterm_MohammadRezaZareiTests;
			productReference = 19B87CB02EA1ABB6004358BB /* Midterm_MohammadRezaZareiTests.xctest */;
			productType = "com.apple.product-type.bundle.unit-test";
		};
		19B87CB92EA1ABB6004358BB /* Midterm_MohammadRezaZareiUITests */ = {
			isa = PBXNativeTarget;
			buildConfigurationList = 19B87CCA2EA1ABB6004358BB /* Build configuration list for PBXNativeTarget "Midterm_MohammadRezaZareiUITests" */;
			buildPhases = (
				19B87CB62EA1ABB6004358BB /* Sources */,
				19B87CB72EA1ABB6004358BB /* Frameworks */,
				19B87CB82EA1ABB6004358BB /* Resources */,
			);
			buildRules = (
			);
			dependencies = (
				19B87CBC2EA1ABB6004358BB /* PBXTargetDependency */,
			);
			fileSystemSynchronizedGroups = (
				19B87CBD2EA1ABB6004358BB /* Midterm_MohammadRezaZareiUITests */,
			);
			name = Midterm_MohammadRezaZareiUITests;
			packageProductDependencies = (
			);
			productName = Midterm_MohammadRezaZareiUITests;
			productReference = 19B87CBA2EA1ABB6004358BB /* Midterm_MohammadRezaZareiUITests.xctest */;
			productType = "com.apple.product-type.bundle.ui-testing";
		};
/* End PBXNativeTarget section */

/* Begin PBXProject section */
		19B87C982EA1ABB4004358BB /* Project object */ = {
			isa = PBXProject;
			attributes = {
				BuildIndependentTargetsInParallel = 1;
				LastSwiftUpdateCheck = 1620;
				LastUpgradeCheck = 1620;
				TargetAttributes = {
					19B87C9F2EA1ABB4004358BB = {
						CreatedOnToolsVersion = 16.2;
					};
					19B87CAF2EA1ABB6004358BB = {
						CreatedOnToolsVersion = 16.2;
						TestTargetID = 19B87C9F2EA1ABB4004358BB;
					};
					19B87CB92EA1ABB6004358BB = {
						CreatedOnToolsVersion = 16.2;
						TestTargetID = 19B87C9F2EA1ABB4004358BB;
					};
				};
			};
			buildConfigurationList = 19B87C9B2EA1ABB4004358BB /* Build configuration list for PBXProject "Midterm_MohammadRezaZarei" */;
			developmentRegion = en;
			hasScannedForEncodings = 0;
			knownRegions = (
				en,
				Base,
			);
			mainGroup = 19B87C972EA1ABB4004358BB;
			minimizedProjectReferenceProxies = 1;
			preferredProjectObjectVersion = 77;
			productRefGroup = 19B87CA12EA1ABB4004358BB /* Products */;
			projectDirPath = "";
			projectRoot = "";
			targets = (
				19B87C9F2EA1ABB4004358BB /* Midterm_MohammadRezaZarei */,
				19B87CAF2EA1ABB6004358BB /* Midterm_MohammadRezaZareiTests */,
				19B87CB92EA1ABB6004358BB /* Midterm_MohammadRezaZareiUITests */,
			);
		};
/* End PBXProject section */

/* Begin PBXResourcesBuildPhase section */
		19B87C9E2EA1ABB4004358BB /* Resources */ = {
			isa = PBXResourcesBuildPhase;
			buildActionMask = 2147483647;
			files = (
			);
			runOnlyForDeploymentPostprocessing = 0;
		};
		19B87CAE2EA1ABB6004358BB /* Resources */ = {
			isa = PBXResourcesBuildPhase;
			buildActionMask = 2147483647;
			files = (
			);
			runOnlyForDeploymentPostprocessing = 0;
		};
		19B87CB82EA1ABB6004358BB /* Resources */ = {
			isa = PBXResourcesBuildPhase;
			buildActionMask = 2147483647;
			files = (
			);
			runOnlyForDeploymentPostprocessing = 0;
		};
/* End PBXResourcesBuildPhase section */

/* Begin PBXSourcesBuildPhase section */
		19B87C9C2EA1ABB4004358BB /* Sources */ = {
			isa = PBXSourcesBuildPhase;
			buildActionMask = 2147483647;
			files = (
			);
			runOnlyForDeploymentPostprocessing = 0;
		};
		19B87CAC2EA1ABB6004358BB /* Sources */ = {
			isa = PBXSourcesBuildPhase;
			buildActionMask = 2147483647;
			files = (
			);
			runOnlyForDeploymentPostprocessing = 0;
		};
		19B87CB62EA1ABB6004358BB /* Sources */ = {
			isa = PBXSourcesBuildPhase;
			buildActionMask = 2147483647;
			files = (
			);
			runOnlyForDeploymentPostprocessing = 0;
		};
/* End PBXSourcesBuildPhase section */

/* Begin PBXTargetDependency section */
		19B87CB22EA1ABB6004358BB /* PBXTargetDependency */ = {
			isa = PBXTargetDependency;
			target = 19B87C9F2EA1ABB4004358BB /* Midterm_MohammadRezaZarei */;
			targetProxy = 19B87CB12EA1ABB6004358BB /* PBXContainerItemProxy */;
		};
		19B87CBC2EA1ABB6004358BB /* PBXTargetDependency */ = {
			isa = PBXTargetDependency;
			target = 19B87C9F2EA1ABB4004358BB /* Midterm_MohammadRezaZarei */;
			targetProxy = 19B87CBB2EA1ABB6004358BB /* PBXContainerItemProxy */;
		};
/* End PBXTargetDependency section */

/* Begin XCBuildConfiguration section */
		19B87CC22EA1ABB6004358BB /* Debug */ = {
			isa = XCBuildConfiguration;
			buildSettings = {
				ALWAYS_SEARCH_USER_PATHS = NO;
				ASSETCATALOG_COMPILER_GENERATE_SWIFT_ASSET_SYMBOL_EXTENSIONS = YES;
				CLANG_ANALYZER_NONNULL = YES;
				CLANG_ANALYZER_NUMBER_OBJECT_CONVERSION = YES_AGGRESSIVE;
				CLANG_CXX_LANGUAGE_STANDARD = "gnu++20";
				CLANG_ENABLE_MODULES = YES;
				CLANG_ENABLE_OBJC_ARC = YES;
				CLANG_ENABLE_OBJC_WEAK = YES;
				CLANG_WARN_BLOCK_CAPTURE_AUTORELEASING = YES;
				CLANG_WARN_BOOL_CONVERSION = YES;
				CLANG_WARN_COMMA = YES;
				CLANG_WARN_CONSTANT_CONVERSION = YES;
				CLANG_WARN_DEPRECATED_OBJC_IMPLEMENTATIONS = YES;
				CLANG_WARN_DIRECT_OBJC_ISA_USAGE = YES_ERROR;
				CLANG_WARN_DOCUMENTATION_COMMENTS = YES;
				CLANG_WARN_EMPTY_BODY = YES;
				CLANG_WARN_ENUM_CONVERSION = YES;
				CLANG_WARN_INFINITE_RECURSION = YES;
				CLANG_WARN_INT_CONVERSION = YES;
				CLANG_WARN_NON_LITERAL_NULL_CONVERSION = YES;
				CLANG_WARN_OBJC_IMPLICIT_RETAIN_SELF = YES;
				CLANG_WARN_OBJC_LITERAL_CONVERSION = YES;
				CLANG_WARN_OBJC_ROOT_CLASS = YES_ERROR;
				CLANG_WARN_QUOTED_INCLUDE_IN_FRAMEWORK_HEADER = YES;
				CLANG_WARN_RANGE_LOOP_ANALYSIS = YES;
				CLANG_WARN_STRICT_PROTOTYPES = YES;
				CLANG_WARN_SUSPICIOUS_MOVE = YES;
				CLANG_WARN_UNGUARDED_AVAILABILITY = YES_AGGRESSIVE;
				CLANG_WARN_UNREACHABLE_CODE = YES;
				CLANG_WARN__DUPLICATE_METHOD_MATCH = YES;
				COPY_PHASE_STRIP = NO;
				DEBUG_INFORMATION_FORMAT = dwarf;
				ENABLE_STRICT_OBJC_MSGSEND = YES;
				ENABLE_TESTABILITY = YES;
				ENABLE_USER_SCRIPT_SANDBOXING = YES;
				GCC_C_LANGUAGE_STANDARD = gnu17;
				GCC_DYNAMIC_NO_PIC = NO;
				GCC_NO_COMMON_BLOCKS = YES;
				GCC_OPTIMIZATION_LEVEL = 0;
				GCC_PREPROCESSOR_DEFINITIONS = (
					"DEBUG=1",
					"$(inherited)",
				);
				GCC_WARN_64_TO_32_BIT_CONVERSION = YES;
				GCC_WARN_ABOUT_RETURN_TYPE = YES_ERROR;
				GCC_WARN_UNDECLARED_SELECTOR = YES;
				GCC_WARN_UNINITIALIZED_AUTOS = YES_AGGRESSIVE;
				GCC_WARN_UNUSED_FUNCTION = YES;
				GCC_WARN_UNUSED_VARIABLE = YES;
				IPHONEOS_DEPLOYMENT_TARGET = 18.2;
				LOCALIZATION_PREFERS_STRING_CATALOGS = YES;
				MTL_ENABLE_DEBUG_INFO = INCLUDE_SOURCE;
				MTL_FAST_MATH = YES;
				ONLY_ACTIVE_ARCH = YES;
				SDKROOT = iphoneos;
				SWIFT_ACTIVE_COMPILATION_CONDITIONS = "DEBUG $(inherited)";
				SWIFT_OPTIMIZATION_LEVEL = "-Onone";
			};
			name = Debug;
		};
		19B87CC32EA1ABB6004358BB /* Release */ = {
			isa = XCBuildConfiguration;
			buildSettings = {
				ALWAYS_SEARCH_USER_PATHS = NO;
				ASSETCATALOG_COMPILER_GENERATE_SWIFT_ASSET_SYMBOL_EXTENSIONS = YES;
				CLANG_ANALYZER_NONNULL = YES;
				CLANG_ANALYZER_NUMBER_OBJECT_CONVERSION = YES_AGGRESSIVE;
				CLANG_CXX_LANGUAGE_STANDARD = "gnu++20";
				CLANG_ENABLE_MODULES = YES;
				CLANG_ENABLE_OBJC_ARC = YES;
				CLANG_ENABLE_OBJC_WEAK = YES;
				CLANG_WARN_BLOCK_CAPTURE_AUTORELEASING = YES;
				CLANG_WARN_BOOL_CONVERSION = YES;
				CLANG_WARN_COMMA = YES;
				CLANG_WARN_CONSTANT_CONVERSION = YES;
				CLANG_WARN_DEPRECATED_OBJC_IMPLEMENTATIONS = YES;
				CLANG_WARN_DIRECT_OBJC_ISA_USAGE = YES_ERROR;
				CLANG_WARN_DOCUMENTATION_COMMENTS = YES;
				CLANG_WARN_EMPTY_BODY = YES;
				CLANG_WARN_ENUM_CONVERSION = YES;
				CLANG_WARN_INFINITE_RECURSION = YES;
				CLANG_WARN_INT_CONVERSION = YES;
				CLANG_WARN_NON_LITERAL_NULL_CONVERSION = YES;
				CLANG_WARN_OBJC_IMPLICIT_RETAIN_SELF = YES;
				CLANG_WARN_OBJC_LITERAL_CONVERSION = YES;
				CLANG_WARN_OBJC_ROOT_CLASS = YES_ERROR;
				CLANG_WARN_QUOTED_INCLUDE_IN_FRAMEWORK_HEADER = YES;
				CLANG_WARN_RANGE_LOOP_ANALYSIS = YES;
				CLANG_WARN_STRICT_PROTOTYPES = YES;
				CLANG_WARN_SUSPICIOUS_MOVE = YES;
				CLANG_WARN_UNGUARDED_AVAILABILITY = YES_AGGRESSIVE;
				CLANG_WARN_UNREACHABLE_CODE = YES;
				CLANG_WARN__DUPLICATE_METHOD_MATCH = YES;
				COPY_PHASE_STRIP = NO;
				DEBUG_INFORMATION_FORMAT = "dwarf-with-dsym";
				ENABLE_NS_ASSERTIONS = NO;
				ENABLE_STRICT_OBJC_MSGSEND = YES;
				ENABLE_USER_SCRIPT_SANDBOXING = YES;
				GCC_C_LANGUAGE_STANDARD = gnu17;
				GCC_NO_COMMON_BLOCKS = YES;
				GCC_WARN_64_TO_32_BIT_CONVERSION = YES;
				GCC_WARN_ABOUT_RETURN_TYPE = YES_ERROR;
				GCC_WARN_UNDECLARED_SELECTOR = YES;
				GCC_WARN_UNINITIALIZED_AUTOS = YES_AGGRESSIVE;
				GCC_WARN_UNUSED_FUNCTION = YES;
				GCC_WARN_UNUSED_VARIABLE = YES;
				IPHONEOS_DEPLOYMENT_TARGET = 18.2;
				LOCALIZATION_PREFERS_STRING_CATALOGS = YES;
				MTL_ENABLE_DEBUG_INFO = NO;
				MTL_FAST_MATH = YES;
				SDKROOT = iphoneos;
				SWIFT_COMPILATION_MODE = wholemodule;
				VALIDATE_PRODUCT = YES;
			};
			name = Release;
		};
		19B87CC52EA1ABB6004358BB /* Debug */ = {
			isa = XCBuildConfiguration;
			buildSettings = {
				ASSETCATALOG_COMPILER_APPICON_NAME = AppIcon;
				ASSETCATALOG_COMPILER_GLOBAL_ACCENT_COLOR_NAME = AccentColor;
				CODE_SIGN_STYLE = Automatic;
				CURRENT_PROJECT_VERSION = 1;
				DEVELOPMENT_ASSET_PATHS = "\"Midterm_MohammadRezaZarei/Preview Content\"";
				ENABLE_PREVIEWS = YES;
				GENERATE_INFOPLIST_FILE = YES;
				INFOPLIST_KEY_UIApplicationSceneManifest_Generation = YES;
				INFOPLIST_KEY_UIApplicationSupportsIndirectInputEvents = YES;
				INFOPLIST_KEY_UILaunchScreen_Generation = YES;
				INFOPLIST_KEY_UISupportedInterfaceOrientations_iPad = "UIInterfaceOrientationPortrait UIInterfaceOrientationPortraitUpsideDown UIInterfaceOrientationLandscapeLeft UIInterfaceOrientationLandscapeRight";
				INFOPLIST_KEY_UISupportedInterfaceOrientations_iPhone = "UIInterfaceOrientationPortrait UIInterfaceOrientationLandscapeLeft UIInterfaceOrientationLandscapeRight";
				LD_RUNPATH_SEARCH_PATHS = (
					"$(inherited)",
					"@executable_path/Frameworks",
				);
				MARKETING_VERSION = 1.0;
				PRODUCT_BUNDLE_IDENTIFIER = "mrzarei.com.Midterm-MohammadRezaZarei";
				PRODUCT_NAME = "$(TARGET_NAME)";
				SWIFT_EMIT_LOC_STRINGS = YES;
				SWIFT_VERSION = 5.0;
				TARGETED_DEVICE_FAMILY = "1,2";
			};
			name = Debug;
		};
		19B87CC62EA1ABB6004358BB /* Release */ = {
			isa = XCBuildConfiguration;
			buildSettings = {
				ASSETCATALOG_COMPILER_APPICON_NAME = AppIcon;
				ASSETCATALOG_COMPILER_GLOBAL_ACCENT_COLOR_NAME = AccentColor;
				CODE_SIGN_STYLE = Automatic;
				CURRENT_PROJECT_VERSION = 1;
				DEVELOPMENT_ASSET_PATHS = "\"Midterm_MohammadRezaZarei/Preview Content\"";
				ENABLE_PREVIEWS = YES;
				GENERATE_INFOPLIST_FILE = YES;
				INFOPLIST_KEY_UIApplicationSceneManifest_Generation = YES;
				INFOPLIST_KEY_UIApplicationSupportsIndirectInputEvents = YES;
				INFOPLIST_KEY_UILaunchScreen_Generation = YES;
				INFOPLIST_KEY_UISupportedInterfaceOrientations_iPad = "UIInterfaceOrientationPortrait UIInterfaceOrientationPortraitUpsideDown UIInterfaceOrientationLandscapeLeft UIInterfaceOrientationLandscapeRight";
				INFOPLIST_KEY_UISupportedInterfaceOrientations_iPhone = "UIInterfaceOrientationPortrait UIInterfaceOrientationLandscapeLeft UIInterfaceOrientationLandscapeRight";
				LD_RUNPATH_SEARCH_PATHS = (
					"$(inherited)",
					"@executable_path/Frameworks",
				);
				MARKETING_VERSION = 1.0;
				PRODUCT_BUNDLE_IDENTIFIER = "mrzarei.com.Midterm-MohammadRezaZarei";
				PRODUCT_NAME = "$(TARGET_NAME)";
				SWIFT_EMIT_LOC_STRINGS = YES;
				SWIFT_VERSION = 5.0;
				TARGETED_DEVICE_FAMILY = "1,2";
			};
			name = Release;
		};
		19B87CC82EA1ABB6004358BB /* Debug */ = {
			isa = XCBuildConfiguration;
			buildSettings = {
				BUNDLE_LOADER = "$(TEST_HOST)";
				CODE_SIGN_STYLE = Automatic;
				CURRENT_PROJECT_VERSION = 1;
				GENERATE_INFOPLIST_FILE = YES;
				IPHONEOS_DEPLOYMENT_TARGET = 18.2;
				MARKETING_VERSION = 1.0;
				PRODUCT_BUNDLE_IDENTIFIER = "mrzarei.com.Midterm-MohammadRezaZareiTests";
				PRODUCT_NAME = "$(TARGET_NAME)";
				SWIFT_EMIT_LOC_STRINGS = NO;
				SWIFT_VERSION = 5.0;
				TARGETED_DEVICE_FAMILY = "1,2";
				TEST_HOST = "$(BUILT_PRODUCTS_DIR)/Midterm_MohammadRezaZarei.app/$(BUNDLE_EXECUTABLE_FOLDER_PATH)/Midterm_MohammadRezaZarei";
			};
			name = Debug;
		};
		19B87CC92EA1ABB6004358BB /* Release */ = {
			isa = XCBuildConfiguration;
			buildSettings = {
				BUNDLE_LOADER = "$(TEST_HOST)";
				CODE_SIGN_STYLE = Automatic;
				CURRENT_PROJECT_VERSION = 1;
				GENERATE_INFOPLIST_FILE = YES;
				IPHONEOS_DEPLOYMENT_TARGET = 18.2;
				MARKETING_VERSION = 1.0;
				PRODUCT_BUNDLE_IDENTIFIER = "mrzarei.com.Midterm-MohammadRezaZareiTests";
				PRODUCT_NAME = "$(TARGET_NAME)";
				SWIFT_EMIT_LOC_STRINGS = NO;
				SWIFT_VERSION = 5.0;
				TARGETED_DEVICE_FAMILY = "1,2";
				TEST_HOST = "$(BUILT_PRODUCTS_DIR)/Midterm_MohammadRezaZarei.app/$(BUNDLE_EXECUTABLE_FOLDER_PATH)/Midterm_MohammadRezaZarei";
			};
			name = Release;
		};
		19B87CCB2EA1ABB6004358BB /* Debug */ = {
			isa = XCBuildConfiguration;
			buildSettings = {
				CODE_SIGN_STYLE = Automatic;
				CURRENT_PROJECT_VERSION = 1;
				GENERATE_INFOPLIST_FILE = YES;
				MARKETING_VERSION = 1.0;
				PRODUCT_BUNDLE_IDENTIFIER = "mrzarei.com.Midterm-MohammadRezaZareiUITests";
				PRODUCT_NAME = "$(TARGET_NAME)";
				SWIFT_EMIT_LOC_STRINGS = NO;
				SWIFT_VERSION = 5.0;
				TARGETED_DEVICE_FAMILY = "1,2";
				TEST_TARGET_NAME = Midterm_MohammadRezaZarei;
			};
			name = Debug;
		};
		19B87CCC2EA1ABB6004358BB /* Release */ = {
			isa = XCBuildConfiguration;
			buildSettings = {
				CODE_SIGN_STYLE = Automatic;
				CURRENT_PROJECT_VERSION = 1;
				GENERATE_INFOPLIST_FILE = YES;
				MARKETING_VERSION = 1.0;
				PRODUCT_BUNDLE_IDENTIFIER = "mrzarei.com.Midterm-MohammadRezaZareiUITests";
				PRODUCT_NAME = "$(TARGET_NAME)";
				SWIFT_EMIT_LOC_STRINGS = NO;
				SWIFT_VERSION = 5.0;
				TARGETED_DEVICE_FAMILY = "1,2";
				TEST_TARGET_NAME = Midterm_MohammadRezaZarei;
			};
			name = Release;
		};
/* End XCBuildConfiguration section */

/* Begin XCConfigurationList section */
		19B87C9B2EA1ABB4004358BB /* Build configuration list for PBXProject "Midterm_MohammadRezaZarei" */ = {
			isa = XCConfigurationList;
			buildConfigurations = (
				19B87CC22EA1ABB6004358BB /* Debug */,
				19B87CC32EA1ABB6004358BB /* Release */,
			);
			defaultConfigurationIsVisible = 0;
			defaultConfigurationName = Release;
		};
		19B87CC42EA1ABB6004358BB /* Build configuration list for PBXNativeTarget "Midterm_MohammadRezaZarei" */ = {
			isa = XCConfigurationList;
			buildConfigurations = (
				19B87CC52EA1ABB6004358BB /* Debug */,
				19B87CC62EA1ABB6004358BB /* Release */,
			);
			defaultConfigurationIsVisible = 0;
			defaultConfigurationName = Release;
		};
		19B87CC72EA1ABB6004358BB /* Build configuration list for PBXNativeTarget "Midterm_MohammadRezaZareiTests" */ = {
			isa = XCConfigurationList;
			buildConfigurations = (
				19B87CC82EA1ABB6004358BB /* Debug */,
				19B87CC92EA1ABB6004358BB /* Release */,
			);
			defaultConfigurationIsVisible = 0;
			defaultConfigurationName = Release;
		};
		19B87CCA2EA1ABB6004358BB /* Build configuration list for PBXNativeTarget "Midterm_MohammadRezaZareiUITests" */ = {
			isa = XCConfigurationList;
			buildConfigurations = (
				19B87CCB2EA1ABB6004358BB /* Debug */,
				19B87CCC2EA1ABB6004358BB /* Release */,
			);
			defaultConfigurationIsVisible = 0;
			defaultConfigurationName = Release;
		};
/* End XCConfigurationList section */
	};
	rootObject = 19B87C982EA1ABB4004358BB /* Project object */;
}
